<Solution>
  <Project Path="CSCollections/CSCollections.csproj" Id="ef9182de-23c1-4daa-af0a-78bc72ec7cdb" />
  <Project Path="CSGenerics/CSGenerics.csproj" />
  <Project Path="CSPersonsApp/CSPersonsApp.csproj" Id="6ae0f6a0-001a-4cb1-b09e-b2a5dc6daf50" />
  <Project Path="Delegates/Delegates.csproj" Id="9e52582e-358f-42fa-8ea4-9cd3f5b33425" />
  <Project Path="DI/DI.csproj" Id="88d9e69a-2734-4b4d-99e3-9ee4f02f3165" />
  <Project Path="EFCore/EFCore.csproj" />
  <Project Path="ExceptionHandling/ExceptionHandling.csproj" />
  <Project Path="FileHandling/FileHandling.csproj" />
</Solution>
